PODS:
  - Alamofire (4.9.1)
  - Cache (5.3.0)
  - CCDevKit (0.1.1):
    - Cache
    - KeychainAccess (~> 4.2.1)
    - MBProgressHUD (~> 1.2.0)
    - Moya
    - SwiftyJSON (~> 4.0)
  - KeychainAccess (4.2.2)
  - MBProgressHUD (1.2.0)
  - Moya (13.0.1):
    - Moya/Core (= 13.0.1)
  - Moya/Core (13.0.1):
    - Alamofire (~> 4.1)
    - Result (~> 4.1)
  - Result (4.1.0)
  - SwiftyJSON (4.3.0)

DEPENDENCIES:
  - CCDevKit (from `../`)

SPEC REPOS:
  trunk:
    - Alamofire
    - Cache
    - KeychainAccess
    - MBProgressHUD
    - Moya
    - Result
    - SwiftyJSON

EXTERNAL SOURCES:
  CCDevKit:
    :path: "../"

SPEC CHECKSUMS:
  Alamofire: 85e8a02c69d6020a0d734f6054870d7ecb75cf18
  Cache: 48762993ec44e1d93483c4d4a13edd18452326f4
  CCDevKit: 8010e3f7ac0d5783b509c9be0dae4e626d3e68b0
  KeychainAccess: c0c4f7f38f6fc7bbe58f5702e25f7bd2f65abf51
  MBProgressHUD: 3ee5efcc380f6a79a7cc9b363dd669c5e1ae7406
  Moya: f4a4b80ff2f8a4ffc208dfb31cd91636622fee6e
  Result: bd966fac789cc6c1563440b348ab2598cc24d5c7
  SwiftyJSON: 6faa0040f8b59dead0ee07436cbf76b73c08fd08

PODFILE CHECKSUM: cd1ca0be432297425ce5787ff1fba8c4a523d5a9

COCOAPODS: 1.10.1
